
Microsoft Visual Studio Solution File, Format Version 12.00
# Visual Studio Version 17
VisualStudioVersion = 17.13.35931.197
MinimumVisualStudioVersion = 10.0.40219.1
Project("{FAE04EC0-301F-11D3-BF4B-00C04F79EFBC}") = "JobTracker.API", "JobTracker.API\JobTracker.API.csproj", "{01C0D427-0703-47C3-86B5-FE8F2F134EB9}"
EndProject
Project("{FAE04EC0-301F-11D3-BF4B-00C04F79EFBC}") = "JobTracker.Tests", "JobTracker.Tests\JobTracker.Tests.csproj", "{53983CC7-DFC9-4AB5-A1D5-52172026AD1A}"
EndProject
Global
	GlobalSection(SolutionConfigurationPlatforms) = preSolution
		Debug|Any CPU = Debug|Any CPU
		Debug|x64 = Debug|x64
		Debug|x86 = Debug|x86
		Release|Any CPU = Release|Any CPU
		Release|x64 = Release|x64
		Release|x86 = Release|x86
	EndGlobalSection
	GlobalSection(ProjectConfigurationPlatforms) = postSolution
		{01C0D427-0703-47C3-86B5-FE8F2F134EB9}.Debug|Any CPU.ActiveCfg = Debug|Any CPU
		{01C0D427-0703-47C3-86B5-FE8F2F134EB9}.Debug|Any CPU.Build.0 = Debug|Any CPU
		{01C0D427-0703-47C3-86B5-FE8F2F134EB9}.Debug|x64.ActiveCfg = Debug|Any CPU
		{01C0D427-0703-47C3-86B5-FE8F2F134EB9}.Debug|x64.Build.0 = Debug|Any CPU
		{01C0D427-0703-47C3-86B5-FE8F2F134EB9}.Debug|x86.ActiveCfg = Debug|Any CPU
		{01C0D427-0703-47C3-86B5-FE8F2F134EB9}.Debug|x86.Build.0 = Debug|Any CPU
		{01C0D427-0703-47C3-86B5-FE8F2F134EB9}.Release|Any CPU.ActiveCfg = Release|Any CPU
		{01C0D427-0703-47C3-86B5-FE8F2F134EB9}.Release|Any CPU.Build.0 = Release|Any CPU
		{01C0D427-0703-47C3-86B5-FE8F2F134EB9}.Release|x64.ActiveCfg = Release|Any CPU
		{01C0D427-0703-47C3-86B5-FE8F2F134EB9}.Release|x64.Build.0 = Release|Any CPU
		{01C0D427-0703-47C3-86B5-FE8F2F134EB9}.Release|x86.ActiveCfg = Release|Any CPU
		{01C0D427-0703-47C3-86B5-FE8F2F134EB9}.Release|x86.Build.0 = Release|Any CPU
		{53983CC7-DFC9-4AB5-A1D5-52172026AD1A}.Debug|Any CPU.ActiveCfg = Debug|Any CPU
		{53983CC7-DFC9-4AB5-A1D5-52172026AD1A}.Debug|Any CPU.Build.0 = Debug|Any CPU
		{53983CC7-DFC9-4AB5-A1D5-52172026AD1A}.Debug|x64.ActiveCfg = Debug|Any CPU
		{53983CC7-DFC9-4AB5-A1D5-52172026AD1A}.Debug|x64.Build.0 = Debug|Any CPU
		{53983CC7-DFC9-4AB5-A1D5-52172026AD1A}.Debug|x86.ActiveCfg = Debug|Any CPU
		{53983CC7-DFC9-4AB5-A1D5-52172026AD1A}.Debug|x86.Build.0 = Debug|Any CPU
		{53983CC7-DFC9-4AB5-A1D5-52172026AD1A}.Release|Any CPU.ActiveCfg = Release|Any CPU
		{53983CC7-DFC9-4AB5-A1D5-52172026AD1A}.Release|Any CPU.Build.0 = Release|Any CPU
		{53983CC7-DFC9-4AB5-A1D5-52172026AD1A}.Release|x64.ActiveCfg = Release|Any CPU
		{53983CC7-DFC9-4AB5-A1D5-52172026AD1A}.Release|x64.Build.0 = Release|Any CPU
		{53983CC7-DFC9-4AB5-A1D5-52172026AD1A}.Release|x86.ActiveCfg = Release|Any CPU
		{53983CC7-DFC9-4AB5-A1D5-52172026AD1A}.Release|x86.Build.0 = Release|Any CPU
	EndGlobalSection
	GlobalSection(SolutionProperties) = preSolution
		HideSolutionNode = FALSE
	EndGlobalSection
	GlobalSection(ExtensibilityGlobals) = postSolution
		SolutionGuid = {4EB6C186-821B-4A0C-87D4-1076D0D0263E}
	EndGlobalSection
EndGlobal
